
Microsoft Visual Studio Solution File, Format Version 12.00
# Visual Studio Version 16
VisualStudioVersion = 16.0.32929.386
MinimumVisualStudioVersion = 10.0.40219.1
Project("{FAE04EC0-301F-11D3-BF4B-00C04F79EFBC}") = "Interfaces-examples", "Interfaces-examples\Interfaces-examples.csproj", "{3B69A13A-4905-4804-890A-E70D372EC96B}"
EndProject
Global
	GlobalSection(SolutionConfigurationPlatforms) = preSolution
		Debug|Any CPU = Debug|Any CPU
		Release|Any CPU = Release|Any CPU
	EndGlobalSection
	GlobalSection(ProjectConfigurationPlatforms) = postSolution
		{3B69A13A-4905-4804-890A-E70D372EC96B}.Debug|Any CPU.ActiveCfg = Debug|Any CPU
		{3B69A13A-4905-4804-890A-E70D372EC96B}.Debug|Any CPU.Build.0 = Debug|Any CPU
		{3B69A13A-4905-4804-890A-E70D372EC96B}.Release|Any CPU.ActiveCfg = Release|Any CPU
		{3B69A13A-4905-4804-890A-E70D372EC96B}.Release|Any CPU.Build.0 = Release|Any CPU
	EndGlobalSection
	GlobalSection(SolutionProperties) = preSolution
		HideSolutionNode = FALSE
	EndGlobalSection
	GlobalSection(ExtensibilityGlobals) = postSolution
		SolutionGuid = {164EF785-2024-412C-A0DF-15A36788E08B}
	EndGlobalSection
EndGlobal
