
Microsoft Visual Studio Solution File, Format Version 12.00
# Visual Studio Version 16
VisualStudioVersion = 16.0.32929.386
MinimumVisualStudioVersion = 10.0.40219.1
Project("{FAE04EC0-301F-11D3-BF4B-00C04F79EFBC}") = "Methods-examples", "Methods-examples.\Methods-examples.csproj", "{6FB7F553-A559-47E7-9BEB-2F3133BCB40D}"
EndProject
Global
	GlobalSection(SolutionConfigurationPlatforms) = preSolution
		Debug|Any CPU = Debug|Any CPU
		Release|Any CPU = Release|Any CPU
	EndGlobalSection
	GlobalSection(ProjectConfigurationPlatforms) = postSolution
		{6FB7F553-A559-47E7-9BEB-2F3133BCB40D}.Debug|Any CPU.ActiveCfg = Debug|Any CPU
		{6FB7F553-A559-47E7-9BEB-2F3133BCB40D}.Debug|Any CPU.Build.0 = Debug|Any CPU
		{6FB7F553-A559-47E7-9BEB-2F3133BCB40D}.Release|Any CPU.ActiveCfg = Release|Any CPU
		{6FB7F553-A559-47E7-9BEB-2F3133BCB40D}.Release|Any CPU.Build.0 = Release|Any CPU
	EndGlobalSection
	GlobalSection(SolutionProperties) = preSolution
		HideSolutionNode = FALSE
	EndGlobalSection
	GlobalSection(ExtensibilityGlobals) = postSolution
		SolutionGuid = {654A3F8B-D929-46D9-BEE4-35D17E0BA557}
	EndGlobalSection
EndGlobal
