
Microsoft Visual Studio Solution File, Format Version 12.00
# Visual Studio Version 16
VisualStudioVersion = 16.0.32929.386
MinimumVisualStudioVersion = 10.0.40219.1
Project("{FAE04EC0-301F-11D3-BF4B-00C04F79EFBC}") = "colecciones", "colleciones\colecciones.csproj", "{D01EE267-23F5-4574-85DA-5C8FF1887878}"
EndProject
Global
	GlobalSection(SolutionConfigurationPlatforms) = preSolution
		Debug|Any CPU = Debug|Any CPU
		Release|Any CPU = Release|Any CPU
	EndGlobalSection
	GlobalSection(ProjectConfigurationPlatforms) = postSolution
		{D01EE267-23F5-4574-85DA-5C8FF1887878}.Debug|Any CPU.ActiveCfg = Debug|Any CPU
		{D01EE267-23F5-4574-85DA-5C8FF1887878}.Debug|Any CPU.Build.0 = Debug|Any CPU
		{D01EE267-23F5-4574-85DA-5C8FF1887878}.Release|Any CPU.ActiveCfg = Release|Any CPU
		{D01EE267-23F5-4574-85DA-5C8FF1887878}.Release|Any CPU.Build.0 = Release|Any CPU
	EndGlobalSection
	GlobalSection(SolutionProperties) = preSolution
		HideSolutionNode = FALSE
	EndGlobalSection
	GlobalSection(ExtensibilityGlobals) = postSolution
		SolutionGuid = {F9C8BACD-BE44-4A8D-8A6C-19DC39E9A66C}
	EndGlobalSection
EndGlobal
