
Microsoft Visual Studio Solution File, Format Version 12.00
# Visual Studio Version 16
VisualStudioVersion = 16.0.32929.386
MinimumVisualStudioVersion = 10.0.40219.1
Project("{FAE04EC0-301F-11D3-BF4B-00C04F79EFBC}") = "Asociacion-examples", "Asociacion-examples\Asociacion-examples.csproj", "{ACE6EC07-7CAF-42A0-AC19-9A24E95AFB91}"
EndProject
Global
	GlobalSection(SolutionConfigurationPlatforms) = preSolution
		Debug|Any CPU = Debug|Any CPU
		Release|Any CPU = Release|Any CPU
	EndGlobalSection
	GlobalSection(ProjectConfigurationPlatforms) = postSolution
		{ACE6EC07-7CAF-42A0-AC19-9A24E95AFB91}.Debug|Any CPU.ActiveCfg = Debug|Any CPU
		{ACE6EC07-7CAF-42A0-AC19-9A24E95AFB91}.Debug|Any CPU.Build.0 = Debug|Any CPU
		{ACE6EC07-7CAF-42A0-AC19-9A24E95AFB91}.Release|Any CPU.ActiveCfg = Release|Any CPU
		{ACE6EC07-7CAF-42A0-AC19-9A24E95AFB91}.Release|Any CPU.Build.0 = Release|Any CPU
	EndGlobalSection
	GlobalSection(SolutionProperties) = preSolution
		HideSolutionNode = FALSE
	EndGlobalSection
	GlobalSection(ExtensibilityGlobals) = postSolution
		SolutionGuid = {ECC47810-425A-46E1-BB55-24437F8402F1}
	EndGlobalSection
EndGlobal
