
Microsoft Visual Studio Solution File, Format Version 12.00
# Visual Studio Version 16
VisualStudioVersion = 16.0.32929.386
MinimumVisualStudioVersion = 10.0.40219.1
Project("{FAE04EC0-301F-11D3-BF4B-00C04F79EFBC}") = "Constructor-example", "Constructor-example\Constructor-example.csproj", "{0DBA02F7-9BF3-43DD-9816-D0F5AB96CE76}"
EndProject
Global
	GlobalSection(SolutionConfigurationPlatforms) = preSolution
		Debug|Any CPU = Debug|Any CPU
		Release|Any CPU = Release|Any CPU
	EndGlobalSection
	GlobalSection(ProjectConfigurationPlatforms) = postSolution
		{0DBA02F7-9BF3-43DD-9816-D0F5AB96CE76}.Debug|Any CPU.ActiveCfg = Debug|Any CPU
		{0DBA02F7-9BF3-43DD-9816-D0F5AB96CE76}.Debug|Any CPU.Build.0 = Debug|Any CPU
		{0DBA02F7-9BF3-43DD-9816-D0F5AB96CE76}.Release|Any CPU.ActiveCfg = Release|Any CPU
		{0DBA02F7-9BF3-43DD-9816-D0F5AB96CE76}.Release|Any CPU.Build.0 = Release|Any CPU
	EndGlobalSection
	GlobalSection(SolutionProperties) = preSolution
		HideSolutionNode = FALSE
	EndGlobalSection
	GlobalSection(ExtensibilityGlobals) = postSolution
		SolutionGuid = {8A20D0DF-EE12-4A75-9250-7EB2FCA34CA6}
	EndGlobalSection
EndGlobal
